
Microsoft Visual Studio Solution File, Format Version 12.00
# Visual Studio Version 17
VisualStudioVersion = 17.3.32819.101
MinimumVisualStudioVersion = 10.0.40219.1
Project("{FAE04EC0-301F-11D3-BF4B-00C04F79EFBC}") = "SuperHeroeAPI", "SuperHeroeAPI\SuperHeroeAPI.csproj", "{E40AC4FE-3C30-4019-8BE0-945225D28B37}"
EndProject
Global
	GlobalSection(SolutionConfigurationPlatforms) = preSolution
		Debug|Any CPU = Debug|Any CPU
		Release|Any CPU = Release|Any CPU
	EndGlobalSection
	GlobalSection(ProjectConfigurationPlatforms) = postSolution
		{E40AC4FE-3C30-4019-8BE0-945225D28B37}.Debug|Any CPU.ActiveCfg = Debug|Any CPU
		{E40AC4FE-3C30-4019-8BE0-945225D28B37}.Debug|Any CPU.Build.0 = Debug|Any CPU
		{E40AC4FE-3C30-4019-8BE0-945225D28B37}.Release|Any CPU.ActiveCfg = Release|Any CPU
		{E40AC4FE-3C30-4019-8BE0-945225D28B37}.Release|Any CPU.Build.0 = Release|Any CPU
	EndGlobalSection
	GlobalSection(SolutionProperties) = preSolution
		HideSolutionNode = FALSE
	EndGlobalSection
	GlobalSection(ExtensibilityGlobals) = postSolution
		SolutionGuid = {CD0E9703-C9EB-484D-B6F6-0185E9B02417}
	EndGlobalSection
EndGlobal
